
Microsoft Visual Studio Solution File, Format Version 12.00
# Visual Studio Version 17
VisualStudioVersion = 17.2.32630.192
MinimumVisualStudioVersion = 10.0.40219.1
Project("{9A19103F-16F7-4668-BE54-9A1E7A4F7556}") = "IdentityApp.Web", "IdentityApp.Web\IdentityApp.Web.csproj", "{26EA8307-ADC7-446D-92BD-10EE3D7551E9}"
EndProject
Project("{FAE04EC0-301F-11D3-BF4B-00C04F79EFBC}") = "IdentityApp.Core", "IdentityApp.Core\IdentityApp.Core.csproj", "{B34EF409-273B-4738-8A78-AC015F1A914A}"
EndProject
Project("{FAE04EC0-301F-11D3-BF4B-00C04F79EFBC}") = "IdentityApp.Repository", "IdentityApp.Repository\IdentityApp.Repository.csproj", "{8F5BA156-6B26-4BA5-9909-935BE07DEB29}"
EndProject
Project("{FAE04EC0-301F-11D3-BF4B-00C04F79EFBC}") = "IdentityApp.Service", "IdentityApp.Service\IdentityApp.Service.csproj", "{13DFECD1-83D5-4467-AB63-F96597DD8EE0}"
EndProject
Global
	GlobalSection(SolutionConfigurationPlatforms) = preSolution
		Debug|Any CPU = Debug|Any CPU
		Release|Any CPU = Release|Any CPU
	EndGlobalSection
	GlobalSection(ProjectConfigurationPlatforms) = postSolution
		{26EA8307-ADC7-446D-92BD-10EE3D7551E9}.Debug|Any CPU.ActiveCfg = Debug|Any CPU
		{26EA8307-ADC7-446D-92BD-10EE3D7551E9}.Debug|Any CPU.Build.0 = Debug|Any CPU
		{26EA8307-ADC7-446D-92BD-10EE3D7551E9}.Release|Any CPU.ActiveCfg = Release|Any CPU
		{26EA8307-ADC7-446D-92BD-10EE3D7551E9}.Release|Any CPU.Build.0 = Release|Any CPU
		{B34EF409-273B-4738-8A78-AC015F1A914A}.Debug|Any CPU.ActiveCfg = Debug|Any CPU
		{B34EF409-273B-4738-8A78-AC015F1A914A}.Debug|Any CPU.Build.0 = Debug|Any CPU
		{B34EF409-273B-4738-8A78-AC015F1A914A}.Release|Any CPU.ActiveCfg = Release|Any CPU
		{B34EF409-273B-4738-8A78-AC015F1A914A}.Release|Any CPU.Build.0 = Release|Any CPU
		{8F5BA156-6B26-4BA5-9909-935BE07DEB29}.Debug|Any CPU.ActiveCfg = Debug|Any CPU
		{8F5BA156-6B26-4BA5-9909-935BE07DEB29}.Debug|Any CPU.Build.0 = Debug|Any CPU
		{8F5BA156-6B26-4BA5-9909-935BE07DEB29}.Release|Any CPU.ActiveCfg = Release|Any CPU
		{8F5BA156-6B26-4BA5-9909-935BE07DEB29}.Release|Any CPU.Build.0 = Release|Any CPU
		{13DFECD1-83D5-4467-AB63-F96597DD8EE0}.Debug|Any CPU.ActiveCfg = Debug|Any CPU
		{13DFECD1-83D5-4467-AB63-F96597DD8EE0}.Debug|Any CPU.Build.0 = Debug|Any CPU
		{13DFECD1-83D5-4467-AB63-F96597DD8EE0}.Release|Any CPU.ActiveCfg = Release|Any CPU
		{13DFECD1-83D5-4467-AB63-F96597DD8EE0}.Release|Any CPU.Build.0 = Release|Any CPU
	EndGlobalSection
	GlobalSection(SolutionProperties) = preSolution
		HideSolutionNode = FALSE
	EndGlobalSection
	GlobalSection(ExtensibilityGlobals) = postSolution
		SolutionGuid = {233FC977-B002-4A08-8E46-AF245DD4D819}
	EndGlobalSection
EndGlobal
